Microsoft Visual Studio Solution File, Format Version 7.00
Project("{8BC9CEB8-8B4A-11D0-8D11-00A0C91BC942}") = "1964", "1964.vcproj", "{9B3935DB-768E-497D-A5DA-0C9E52E7998B}"
EndProject
Global
	GlobalSection(SourceCodeControl) = preSolution
		SccNumberOfProjects = 1
		SccProjectUniqueName0 = 1964.vcproj
		SccProjectName0 = \u0022$/1964\u0022,\u0020RDAAAAAA
		SccLocalPath0 = .
		SccProvider0 = MSSCCI:Microsoft\u0020Visual\u0020SourceSafe
	EndGlobalSection
	GlobalSection(SolutionConfiguration) = preSolution
		ConfigName.0 = Debug
		ConfigName.1 = Release
		ConfigName.2 = Release Opcode Debugger
		ConfigName.3 = Release with .NET Debugging
	EndGlobalSection
	GlobalSection(ProjectDependencies) = postSolution
	EndGlobalSection
	GlobalSection(ProjectConfiguration) = postSolution
		{9B3935DB-768E-497D-A5DA-0C9E52E7998B}.Debug.ActiveCfg = Debug|Win32
		{9B3935DB-768E-497D-A5DA-0C9E52E7998B}.Debug.Build.0 = Debug|Win32
		{9B3935DB-768E-497D-A5DA-0C9E52E7998B}.Release.ActiveCfg = Release|Win32
		{9B3935DB-768E-497D-A5DA-0C9E52E7998B}.Release.Build.0 = Release|Win32
		{9B3935DB-768E-497D-A5DA-0C9E52E7998B}.Release Opcode Debugger.ActiveCfg = Release Opcode Debugger|Win32
		{9B3935DB-768E-497D-A5DA-0C9E52E7998B}.Release Opcode Debugger.Build.0 = Release Opcode Debugger|Win32
		{9B3935DB-768E-497D-A5DA-0C9E52E7998B}.Release with .NET Debugging.ActiveCfg = Release with .NET Debugging|Win32
		{9B3935DB-768E-497D-A5DA-0C9E52E7998B}.Release with .NET Debugging.Build.0 = Release with .NET Debugging|Win32
	EndGlobalSection
	GlobalSection(ExtensibilityGlobals) = postSolution
	EndGlobalSection
	GlobalSection(ExtensibilityAddIns) = postSolution
	EndGlobalSection
EndGlobal
